{
  "version": 4,
  "terraform_version": "1.16.2",
  "serial": 7,
  "lineage": "3d7c65db-bd40-5686-3958-2c6d2b77f0f8",
  "outputs": {},
  "resources": [
    {
      "mode": "managed",
      "type": "aws_s3_bucket",
      "name": "my_bucket",
      "provider": "provider[\"registry.terraform.io/hashicorp/aws\"]",
      "instances": [
        {
          "schema_version": 0,
          "attributes": {
            "acceleration_status": "",
            "acl": null,
            "arn": "arn:aws:s3:::terraform-bucket-coder",
            "bucket": "terraform-bucket-coder",
            "bucket_domain_name": "terraform-bucket-coder.s3.amazonaws.com",
            "bucket_namespace": "global",
            "bucket_prefix": "",
            "bucket_region": "us-east-2",
            "bucket_regional_domain_name": "terraform-bucket-coder.s3.us-east-2.amazonaws.com",
            "cors_rule": [],
            "force_destroy": false,
            "grant": [
              {
                "id": "1b43a32a85dccfa483f2def71407b45d32a0108e193b3fca019ff043c7f2d29f",
                "permissions": [
                  "FULL_CONTROL"
                ],
                "type": "CanonicalUser",
                "uri": ""
              }
            ],
            "hosted_zone_id": "Z2O1EMRO9K5GLX",
            "id": "terraform-bucket-coder",
            "lifecycle_rule": [],
            "logging": [],
            "object_lock_configuration": [],
            "object_lock_enabled": false,
            "policy": "",
            "region": "us-east-2",
            "replication_configuration": [],
            "request_payer": "BucketOwner",
            "server_side_encryption_configuration": [
              {
                "rule": [
                  {
                    "apply_server_side_encryption_by_default": [
                      {
                        "kms_master_key_id": "",
                        "sse_algorithm": "AES256"
                      }
                    ],
                    "bucket_key_enabled": false
                  }
                ]
              }
            ],
            "tags": null,
            "tags_all": {},
            "timeouts": null,
            "versioning": [
              {
                "enabled": false,
                "mfa_delete": false
              }
            ],
            "website": [],
            "website_domain": null,
            "website_endpoint": null
          },
          "sensitive_attributes": [],
          "identity_schema_version": 0,
          "identity": {
            "account_id": "508930776085",
            "bucket": "terraform-bucket-coder",
            "region": "us-east-2"
          },
          "private": "eyJlMmJmYjczMC1lY2FhLTExZTYtOGY4OC0zNDM2M2JjN2M0YzAiOnsiY3JlYXRlIjoxMjAwMDAwMDAwMDAwLCJkZWxldGUiOjM2MDAwMDAwMDAwMDAsInJlYWQiOjEyMDAwMDAwMDAwMDAsInVwZGF0ZSI6MTIwMDAwMDAwMDAwMH19"
        }
      ]
    },
    {
      "mode": "managed",
      "type": "local_file",
      "name": "my_file",
      "provider": "provider[\"registry.terraform.io/hashicorp/local\"]",
      "instances": [
        {
          "schema_version": 0,
          "attributes": {
            "content": "Hello world!",
            "content_base64": null,
            "content_base64sha256": "wFNeS+K3n/2TKRMFQ2v4iTFOSj+uwF7P/Lt98xrZ5Ro=",
            "content_base64sha512": "9s3ioPgZMUzd5V/CJ9jX2uPSjMVWIioKitZtkcytSq1glPUXohgjYMmqz2o9wyMWLLb9jN/+2w/gOPVehf+1tg==",
            "content_md5": "86fb269d190d2c85f6e0468ceca42a20",
            "content_sha1": "d3486ae9136e7856bc42212385ea797094475802",
            "content_sha256": "c0535e4be2b79ffd93291305436bf889314e4a3faec05ecffcbb7df31ad9e51a",
            "content_sha512": "f6cde2a0f819314cdde55fc227d8d7dae3d28cc556222a0a8ad66d91ccad4aad6094f517a2182360c9aacf6a3dc323162cb6fd8cdffedb0fe038f55e85ffb5b6",
            "directory_permission": "0777",
            "file_permission": "0777",
            "filename": "automate.txt",
            "id": "d3486ae9136e7856bc42212385ea797094475802",
            "sensitive_content": null,
            "source": null
          },
          "sensitive_attributes": [
            [
              {
                "type": "get_attr",
                "value": "sensitive_content"
              }
            ]
          ],
          "identity_schema_version": 0
        }
      ]
    }
  ],
  "check_results": null
}
